
Microsoft Visual Studio Solution File, Format Version 12.00
# Visual Studio Version 17
VisualStudioVersion = 17.14.36221.1 d17.14
MinimumVisualStudioVersion = 10.0.40219.1
Project("{FAE04EC0-301F-11D3-BF4B-00C04F79EFBC}") = "TeamsPlug", "TeamsPlug.csproj", "{906F92DA-A53B-4149-8534-2AFD2C20F82D}"
EndProject
Global
	GlobalSection(SolutionConfigurationPlatforms) = preSolution
		Debug|Any CPU = Debug|Any CPU
		Release|Any CPU = Release|Any CPU
	EndGlobalSection
	GlobalSection(ProjectConfigurationPlatforms) = postSolution
		{906F92DA-A53B-4149-8534-2AFD2C20F82D}.Debug|Any CPU.ActiveCfg = Debug|Any CPU
		{906F92DA-A53B-4149-8534-2AFD2C20F82D}.Debug|Any CPU.Build.0 = Debug|Any CPU
		{906F92DA-A53B-4149-8534-2AFD2C20F82D}.Release|Any CPU.ActiveCfg = Release|Any CPU
		{906F92DA-A53B-4149-8534-2AFD2C20F82D}.Release|Any CPU.Build.0 = Release|Any CPU
	EndGlobalSection
	GlobalSection(SolutionProperties) = preSolution
		HideSolutionNode = FALSE
	EndGlobalSection
	GlobalSection(ExtensibilityGlobals) = postSolution
		SolutionGuid = {81AF23BB-A6FB-4BB2-BFDE-B07E6C5CF2C0}
	EndGlobalSection
EndGlobal
